
Microsoft Visual Studio Solution File, Format Version 12.00
# Visual Studio 15
VisualStudioVersion = 15.0.27703.2047
MinimumVisualStudioVersion = 10.0.40219.1
Project("{2150E333-8FDC-42A3-9474-1A3956D46DE8}") = "Catalog", "Catalog", "{95662B7A-A94E-4393-BEBF-C08F28D18CFC}"
EndProject
Project("{9A19103F-16F7-4668-BE54-9A1E7A4F7556}") = "AdocicaMel.Catalog.Api", "src\AdocicaMel.Catalogo.Api\AdocicaMel.Catalog.Api.csproj", "{7584DA0B-2878-4AD6-A67B-BCE8B19C48ED}"
EndProject
Project("{9A19103F-16F7-4668-BE54-9A1E7A4F7556}") = "AdocicaMel.Catalog.Domain", "AdocicaMel.Catalog.Domain\AdocicaMel.Catalog.Domain.csproj", "{45424169-B559-44C7-96F5-AA7372DF151B}"
EndProject
Project("{2150E333-8FDC-42A3-9474-1A3956D46DE8}") = "Core", "Core", "{DE08BAAC-2937-4361-8849-D98B43116374}"
EndProject
Project("{9A19103F-16F7-4668-BE54-9A1E7A4F7556}") = "AdocicaMel.Core.Domain", "AdocicaMel.Core.Domain\AdocicaMel.Core.Domain.csproj", "{8919731E-2076-4686-BBDE-989827C8A2A0}"
EndProject
Project("{9A19103F-16F7-4668-BE54-9A1E7A4F7556}") = "AdocicaMel.Catalog.Infra", "AdocicaMel.Catalog.Infra\AdocicaMel.Catalog.Infra.csproj", "{2ED4572A-A780-43EE-B318-ECA2027D6A35}"
EndProject
Global
	GlobalSection(SolutionConfigurationPlatforms) = preSolution
		Debug|Any CPU = Debug|Any CPU
		Release|Any CPU = Release|Any CPU
	EndGlobalSection
	GlobalSection(ProjectConfigurationPlatforms) = postSolution
		{7584DA0B-2878-4AD6-A67B-BCE8B19C48ED}.Debug|Any CPU.ActiveCfg = Debug|Any CPU
		{7584DA0B-2878-4AD6-A67B-BCE8B19C48ED}.Debug|Any CPU.Build.0 = Debug|Any CPU
		{7584DA0B-2878-4AD6-A67B-BCE8B19C48ED}.Release|Any CPU.ActiveCfg = Release|Any CPU
		{7584DA0B-2878-4AD6-A67B-BCE8B19C48ED}.Release|Any CPU.Build.0 = Release|Any CPU
		{45424169-B559-44C7-96F5-AA7372DF151B}.Debug|Any CPU.ActiveCfg = Debug|Any CPU
		{45424169-B559-44C7-96F5-AA7372DF151B}.Debug|Any CPU.Build.0 = Debug|Any CPU
		{45424169-B559-44C7-96F5-AA7372DF151B}.Release|Any CPU.ActiveCfg = Release|Any CPU
		{45424169-B559-44C7-96F5-AA7372DF151B}.Release|Any CPU.Build.0 = Release|Any CPU
		{8919731E-2076-4686-BBDE-989827C8A2A0}.Debug|Any CPU.ActiveCfg = Debug|Any CPU
		{8919731E-2076-4686-BBDE-989827C8A2A0}.Debug|Any CPU.Build.0 = Debug|Any CPU
		{8919731E-2076-4686-BBDE-989827C8A2A0}.Release|Any CPU.ActiveCfg = Release|Any CPU
		{8919731E-2076-4686-BBDE-989827C8A2A0}.Release|Any CPU.Build.0 = Release|Any CPU
		{2ED4572A-A780-43EE-B318-ECA2027D6A35}.Debug|Any CPU.ActiveCfg = Debug|Any CPU
		{2ED4572A-A780-43EE-B318-ECA2027D6A35}.Debug|Any CPU.Build.0 = Debug|Any CPU
		{2ED4572A-A780-43EE-B318-ECA2027D6A35}.Release|Any CPU.ActiveCfg = Release|Any CPU
		{2ED4572A-A780-43EE-B318-ECA2027D6A35}.Release|Any CPU.Build.0 = Release|Any CPU
	EndGlobalSection
	GlobalSection(SolutionProperties) = preSolution
		HideSolutionNode = FALSE
	EndGlobalSection
	GlobalSection(NestedProjects) = preSolution
		{7584DA0B-2878-4AD6-A67B-BCE8B19C48ED} = {95662B7A-A94E-4393-BEBF-C08F28D18CFC}
		{45424169-B559-44C7-96F5-AA7372DF151B} = {95662B7A-A94E-4393-BEBF-C08F28D18CFC}
		{8919731E-2076-4686-BBDE-989827C8A2A0} = {DE08BAAC-2937-4361-8849-D98B43116374}
		{2ED4572A-A780-43EE-B318-ECA2027D6A35} = {95662B7A-A94E-4393-BEBF-C08F28D18CFC}
	EndGlobalSection
	GlobalSection(ExtensibilityGlobals) = postSolution
		SolutionGuid = {9FDE41E6-041F-4B78-97AB-E8ADEF2B1403}
	EndGlobalSection
EndGlobal
